
Microsoft Visual Studio Solution File, Format Version 12.00
# Visual Studio Version 17
VisualStudioVersion = 17.5.33516.290
MinimumVisualStudioVersion = 10.0.40219.1
Project("{FAE04EC0-301F-11D3-BF4B-00C04F79EFBC}") = "Proyrecto1(Interfaz)", "Proyrecto1(Interfaz)\Proyrecto1(Interfaz).csproj", "{5104D154-14E1-457B-8DF9-EA239AD9AB8A}"
EndProject
Global
	GlobalSection(SolutionConfigurationPlatforms) = preSolution
		Debug|Any CPU = Debug|Any CPU
		Release|Any CPU = Release|Any CPU
	EndGlobalSection
	GlobalSection(ProjectConfigurationPlatforms) = postSolution
		{5104D154-14E1-457B-8DF9-EA239AD9AB8A}.Debug|Any CPU.ActiveCfg = Debug|Any CPU
		{5104D154-14E1-457B-8DF9-EA239AD9AB8A}.Debug|Any CPU.Build.0 = Debug|Any CPU
		{5104D154-14E1-457B-8DF9-EA239AD9AB8A}.Release|Any CPU.ActiveCfg = Release|Any CPU
		{5104D154-14E1-457B-8DF9-EA239AD9AB8A}.Release|Any CPU.Build.0 = Release|Any CPU
	EndGlobalSection
	GlobalSection(SolutionProperties) = preSolution
		HideSolutionNode = FALSE
	EndGlobalSection
	GlobalSection(ExtensibilityGlobals) = postSolution
		SolutionGuid = {058BDE78-2972-4A9D-B416-3A1D22B9E0A2}
	EndGlobalSection
EndGlobal
